{
  "name": "testing-pages",
  "version": "1.0.0",
  "lockfileVersion": 2,
  "requires": true,
  "packages": {
    "": {
      "version": "1.0.0",
      "license": "ISC",
      "devDependencies": {
        "@types/serviceworker": "^0.0.26"
      }
    },
    "node_modules/@types/serviceworker": {
      "version": "0.0.26",
      "resolved": "https://registry.npmjs.org/@types/serviceworker/-/serviceworker-0.0.26.tgz",
      "integrity": "sha512-dowZK3XseM7LmL4v9DqTRf6f31qsaQqiP0yJ0lU1dNKWZvZEFsQqayiRDlbdxt28eMWLf5UyXYATBVqX6yXJdQ==",
      "dev": true
    }
  },
  "dependencies": {
    "@types/serviceworker": {
      "version": "0.0.26",
      "resolved": "https://registry.npmjs.org/@types/serviceworker/-/serviceworker-0.0.26.tgz",
      "integrity": "sha512-dowZK3XseM7LmL4v9DqTRf6f31qsaQqiP0yJ0lU1dNKWZvZEFsQqayiRDlbdxt28eMWLf5UyXYATBVqX6yXJdQ==",
      "dev": true
    }
  }
}
